
Microsoft Visual Studio Solution File, Format Version 12.00
# Visual Studio Version 17
VisualStudioVersion = 17.14.36518.9
MinimumVisualStudioVersion = 10.0.40219.1
Project("{FAE04EC0-301F-11D3-BF4B-00C04F79EFBC}") = "EjercicioLoginNeitekBackend", "EjercicioLoginNeitekBackend\EjercicioLoginNeitekBackend.csproj", "{8874DF65-709B-4A5B-9B2D-3941ED5D6E24}"
EndProject
Project("{FAE04EC0-301F-11D3-BF4B-00C04F79EFBC}") = "EjercicioLoginNeitekBackend.Tests", "EjercicioLoginNeitekBackend.Tests\EjercicioLoginNeitekBackend.Tests.csproj", "{DD647136-3CC1-4CD6-966C-6EA641F68884}"
EndProject
Global
	GlobalSection(SolutionConfigurationPlatforms) = preSolution
		Debug|Any CPU = Debug|Any CPU
		Debug|x64 = Debug|x64
		Debug|x86 = Debug|x86
		Release|Any CPU = Release|Any CPU
		Release|x64 = Release|x64
		Release|x86 = Release|x86
	EndGlobalSection
	GlobalSection(ProjectConfigurationPlatforms) = postSolution
		{8874DF65-709B-4A5B-9B2D-3941ED5D6E24}.Debug|Any CPU.ActiveCfg = Debug|Any CPU
		{8874DF65-709B-4A5B-9B2D-3941ED5D6E24}.Debug|Any CPU.Build.0 = Debug|Any CPU
		{8874DF65-709B-4A5B-9B2D-3941ED5D6E24}.Debug|x64.ActiveCfg = Debug|Any CPU
		{8874DF65-709B-4A5B-9B2D-3941ED5D6E24}.Debug|x64.Build.0 = Debug|Any CPU
		{8874DF65-709B-4A5B-9B2D-3941ED5D6E24}.Debug|x86.ActiveCfg = Debug|Any CPU
		{8874DF65-709B-4A5B-9B2D-3941ED5D6E24}.Debug|x86.Build.0 = Debug|Any CPU
		{8874DF65-709B-4A5B-9B2D-3941ED5D6E24}.Release|Any CPU.ActiveCfg = Release|Any CPU
		{8874DF65-709B-4A5B-9B2D-3941ED5D6E24}.Release|Any CPU.Build.0 = Release|Any CPU
		{8874DF65-709B-4A5B-9B2D-3941ED5D6E24}.Release|x64.ActiveCfg = Release|Any CPU
		{8874DF65-709B-4A5B-9B2D-3941ED5D6E24}.Release|x64.Build.0 = Release|Any CPU
		{8874DF65-709B-4A5B-9B2D-3941ED5D6E24}.Release|x86.ActiveCfg = Release|Any CPU
		{8874DF65-709B-4A5B-9B2D-3941ED5D6E24}.Release|x86.Build.0 = Release|Any CPU
		{DD647136-3CC1-4CD6-966C-6EA641F68884}.Debug|Any CPU.ActiveCfg = Debug|Any CPU
		{DD647136-3CC1-4CD6-966C-6EA641F68884}.Debug|Any CPU.Build.0 = Debug|Any CPU
		{DD647136-3CC1-4CD6-966C-6EA641F68884}.Debug|x64.ActiveCfg = Debug|Any CPU
		{DD647136-3CC1-4CD6-966C-6EA641F68884}.Debug|x64.Build.0 = Debug|Any CPU
		{DD647136-3CC1-4CD6-966C-6EA641F68884}.Debug|x86.ActiveCfg = Debug|Any CPU
		{DD647136-3CC1-4CD6-966C-6EA641F68884}.Debug|x86.Build.0 = Debug|Any CPU
		{DD647136-3CC1-4CD6-966C-6EA641F68884}.Release|Any CPU.ActiveCfg = Release|Any CPU
		{DD647136-3CC1-4CD6-966C-6EA641F68884}.Release|Any CPU.Build.0 = Release|Any CPU
		{DD647136-3CC1-4CD6-966C-6EA641F68884}.Release|x64.ActiveCfg = Release|Any CPU
		{DD647136-3CC1-4CD6-966C-6EA641F68884}.Release|x64.Build.0 = Release|Any CPU
		{DD647136-3CC1-4CD6-966C-6EA641F68884}.Release|x86.ActiveCfg = Release|Any CPU
		{DD647136-3CC1-4CD6-966C-6EA641F68884}.Release|x86.Build.0 = Release|Any CPU
	EndGlobalSection
	GlobalSection(SolutionProperties) = preSolution
		HideSolutionNode = FALSE
	EndGlobalSection
	GlobalSection(ExtensibilityGlobals) = postSolution
		SolutionGuid = {B1E91FAD-6946-415A-B517-E12859FE0FCE}
	EndGlobalSection
EndGlobal
